
Microsoft Visual Studio Solution File, Format Version 12.00
# Visual Studio Version 16
VisualStudioVersion = 16.0.31424.327
MinimumVisualStudioVersion = 10.0.40219.1
Project("{9A19103F-16F7-4668-BE54-9A1E7A4F7556}") = "ShopApp.WebUI", "ShopApp.WebUI\ShopApp.WebUI.csproj", "{D742FCEA-2E10-4F8A-A215-5F5C3291135C}"
EndProject
Global
	GlobalSection(SolutionConfigurationPlatforms) = preSolution
		Debug|Any CPU = Debug|Any CPU
		Release|Any CPU = Release|Any CPU
	EndGlobalSection
	GlobalSection(ProjectConfigurationPlatforms) = postSolution
		{D742FCEA-2E10-4F8A-A215-5F5C3291135C}.Debug|Any CPU.ActiveCfg = Debug|Any CPU
		{D742FCEA-2E10-4F8A-A215-5F5C3291135C}.Debug|Any CPU.Build.0 = Debug|Any CPU
		{D742FCEA-2E10-4F8A-A215-5F5C3291135C}.Release|Any CPU.ActiveCfg = Release|Any CPU
		{D742FCEA-2E10-4F8A-A215-5F5C3291135C}.Release|Any CPU.Build.0 = Release|Any CPU
	EndGlobalSection
	GlobalSection(SolutionProperties) = preSolution
		HideSolutionNode = FALSE
	EndGlobalSection
	GlobalSection(ExtensibilityGlobals) = postSolution
		SolutionGuid = {5747705B-3A8B-4E97-BFCE-51EBFB4C53E8}
	EndGlobalSection
EndGlobal
